---
lockVersion: 1.0.0
dependencies:
  codeql/actions-all:
    version: 0.4.17
  codeql/concepts:
    version: 0.0.5
  codeql/controlflow:
    version: 2.0.15
  codeql/dataflow:
    version: 2.0.15
  codeql/javascript-all:
    version: 2.6.11
  codeql/mad:
    version: 1.0.31
  codeql/regex:
    version: 1.0.31
  codeql/ssa:
    version: 2.0.7
  codeql/threat-models:
    version: 1.0.31
  codeql/tutorial:
    version: 1.0.31
  codeql/typetracking:
    version: 2.0.15
  codeql/util:
    version: 2.0.18
  codeql/xml:
    version: 1.0.31
  codeql/yaml:
    version: 1.0.31
compiled: false
