---
lockVersion: 1.0.0
dependencies:
  codeql/concepts:
    version: 0.0.5
  codeql/controlflow:
    version: 2.0.15
  codeql/dataflow:
    version: 2.0.15
  codeql/mad:
    version: 1.0.31
  codeql/regex:
    version: 1.0.31
  codeql/ruby-all:
    version: 5.0.4
  codeql/ssa:
    version: 2.0.7
  codeql/tutorial:
    version: 1.0.31
  codeql/typetracking:
    version: 2.0.15
  codeql/util:
    version: 2.0.18
compiled: false
