---
lockVersion: 1.0.0
dependencies:
  codeql/concepts:
    version: 0.0.22
  codeql/controlflow:
    version: 2.0.32
  codeql/dataflow:
    version: 2.1.4
  codeql/mad:
    version: 1.0.48
  codeql/regex:
    version: 1.0.48
  codeql/ruby-all:
    version: 5.1.16
  codeql/ssa:
    version: 2.0.24
  codeql/tutorial:
    version: 1.0.48
  codeql/typetracking:
    version: 2.0.32
  codeql/util:
    version: 2.0.35
compiled: false
