---
lockVersion: 1.0.0
dependencies:
  codeql/concepts:
    version: 0.0.5
  codeql/controlflow:
    version: 2.0.15
  codeql/dataflow:
    version: 2.0.15
  codeql/mad:
    version: 1.0.31
  codeql/python-all:
    version: 4.0.15
  codeql/python-queries:
    version: 1.6.5
  codeql/regex:
    version: 1.0.31
  codeql/ssa:
    version: 2.0.7
  codeql/suite-helpers:
    version: 1.0.31
  codeql/threat-models:
    version: 1.0.31
  codeql/tutorial:
    version: 1.0.31
  codeql/typetracking:
    version: 2.0.15
  codeql/util:
    version: 2.0.18
  codeql/xml:
    version: 1.0.31
  codeql/yaml:
    version: 1.0.31
compiled: false
